// !$*UTF8*$!
{
	archiveVersion = 1;
	classes = {
	};
	objectVersion = 77;
	objects = {

/* Begin PBXContainerItemProxy section */
		404BE0572FA7A364008E9A3C /* PBXContainerItemProxy */ = {
			isa = PBXContainerItemProxy;
			containerPortal = 404BE0412FA7A362008E9A3C /* Project object */;
			proxyType = 1;
			remoteGlobalIDString = 404BE0482FA7A362008E9A3C;
			remoteInfo = GlyphSift;
		};
		404BE0612FA7A364008E9A3C /* PBXContainerItemProxy */ = {
			isa = PBXContainerItemProxy;
			containerPortal = 404BE0412FA7A362008E9A3C /* Project object */;
			proxyType = 1;
			remoteGlobalIDString = 404BE0482FA7A362008E9A3C;
			remoteInfo = GlyphSift;
		};
/* End PBXContainerItemProxy section */

/* Begin PBXFileReference section */
		404BE0492FA7A362008E9A3C /* GlyphSift.app */ = {isa = PBXFileReference; explicitFileType = wrapper.application; includeInIndex = 0; path = GlyphSift.app; sourceTree = BUILT_PRODUCTS_DIR; };
		404BE0562FA7A364008E9A3C /* GlyphSiftTests.xctest */ = {isa = PBXFileReference; explicitFileType = wrapper.cfbundle; includeInIndex = 0; path = GlyphSiftTests.xctest; sourceTree = BUILT_PRODUCTS_DIR; };
		404BE0602FA7A364008E9A3C /* GlyphSiftUITests.xctest */ = {isa = PBXFileReference; explicitFileType = wrapper.cfbundle; includeInIndex = 0; path = GlyphSiftUITests.xctest; sourceTree = BUILT_PRODUCTS_DIR; };
/* End PBXFileReference section */

/* Begin PBXFileSystemSynchronizedRootGroup section */
		40286CAA2FA9159100811F45 /* Assets */ = {
			isa = PBXFileSystemSynchronizedRootGroup;
			path = Assets;
			sourceTree = "<group>";
		};
		404BE04B2FA7A362008E9A3C /* GlyphSift */ = {
			isa = PBXFileSystemSynchronizedRootGroup;
			path = GlyphSift;
			sourceTree = "<group>";
		};
		404BE0592FA7A364008E9A3C /* GlyphSiftTests */ = {
			isa = PBXFileSystemSynchronizedRootGroup;
			path = GlyphSiftTests;
			sourceTree = "<group>";
		};
		404BE0632FA7A364008E9A3C /* GlyphSiftUITests */ = {
			isa = PBXFileSystemSynchronizedRootGroup;
			path = GlyphSiftUITests;
			sourceTree = "<group>";
		};
/* End PBXFileSystemSynchronizedRootGroup section */

/* Begin PBXFrameworksBuildPhase section */
		404BE0462FA7A362008E9A3C /* Frameworks */ = {
			isa = PBXFrameworksBuildPhase;
			buildActionMask = 2147483647;
			files = (
			);
			runOnlyForDeploymentPostprocessing = 0;
		};
		404BE0532FA7A364008E9A3C /* Frameworks */ = {
			isa = PBXFrameworksBuildPhase;
			buildActionMask = 2147483647;
			files = (
			);
			runOnlyForDeploymentPostprocessing = 0;
		};
		404BE05D2FA7A364008E9A3C /* Frameworks */ = {
			isa = PBXFrameworksBuildPhase;
			buildActionMask = 2147483647;
			files = (
			);
			runOnlyForDeploymentPostprocessing = 0;
		};
/* End PBXFrameworksBuildPhase section */

/* Begin PBXGroup section */
		404BE0402FA7A362008E9A3C = {
			isa = PBXGroup;
			children = (
				40286CAA2FA9159100811F45 /* Assets */,
				404BE04B2FA7A362008E9A3C /* GlyphSift */,
				404BE0592FA7A364008E9A3C /* GlyphSiftTests */,
				404BE0632FA7A364008E9A3C /* GlyphSiftUITests */,
				404BE04A2FA7A362008E9A3C /* Products */,
			);
			sourceTree = "<group>";
		};
		404BE04A2FA7A362008E9A3C /* Products */ = {
			isa = PBXGroup;
			children = (
				404BE0492FA7A362008E9A3C /* GlyphSift.app */,
				404BE0562FA7A364008E9A3C /* GlyphSiftTests.xctest */,
				404BE0602FA7A364008E9A3C /* GlyphSiftUITests.xctest */,
			);
			name = Products;
			sourceTree = "<group>";
		};
/* End PBXGroup section */

/* Begin PBXNativeTarget section */
		404BE0482FA7A362008E9A3C /* GlyphSift */ = {
			isa = PBXNativeTarget;
			buildConfigurationList = 404BE06A2FA7A364008E9A3C /* Build configuration list for PBXNativeTarget "GlyphSift" */;
			buildPhases = (
				404BE0452FA7A362008E9A3C /* Sources */,
				404BE0462FA7A362008E9A3C /* Frameworks */,
				404BE0472FA7A362008E9A3C /* Resources */,
			);
			buildRules = (
			);
			dependencies = (
			);
			fileSystemSynchronizedGroups = (
				40286CAA2FA9159100811F45 /* Assets */,
				404BE04B2FA7A362008E9A3C /* GlyphSift */,
			);
			name = GlyphSift;
			packageProductDependencies = (
			);
			productName = GlyphSift;
			productReference = 404BE0492FA7A362008E9A3C /* GlyphSift.app */;
			productType = "com.apple.product-type.application";
		};
		404BE0552FA7A364008E9A3C /* GlyphSiftTests */ = {
			isa = PBXNativeTarget;
			buildConfigurationList = 404BE06D2FA7A364008E9A3C /* Build configuration list for PBXNativeTarget "GlyphSiftTests" */;
			buildPhases = (
				404BE0522FA7A364008E9A3C /* Sources */,
				404BE0532FA7A364008E9A3C /* Frameworks */,
				404BE0542FA7A364008E9A3C /* Resources */,
			);
			buildRules = (
			);
			dependencies = (
				404BE0582FA7A364008E9A3C /* PBXTargetDependency */,
			);
			fileSystemSynchronizedGroups = (
				404BE0592FA7A364008E9A3C /* GlyphSiftTests */,
			);
			name = GlyphSiftTests;
			packageProductDependencies = (
			);
			productName = GlyphSiftTests;
			productReference = 404BE0562FA7A364008E9A3C /* GlyphSiftTests.xctest */;
			productType = "com.apple.product-type.bundle.unit-test";
		};
		404BE05F2FA7A364008E9A3C /* GlyphSiftUITests */ = {
			isa = PBXNativeTarget;
			buildConfigurationList = 404BE0702FA7A364008E9A3C /* Build configuration list for PBXNativeTarget "GlyphSiftUITests" */;
			buildPhases = (
				404BE05C2FA7A364008E9A3C /* Sources */,
				404BE05D2FA7A364008E9A3C /* Frameworks */,
				404BE05E2FA7A364008E9A3C /* Resources */,
			);
			buildRules = (
			);
			dependencies = (
				404BE0622FA7A364008E9A3C /* PBXTargetDependency */,
			);
			fileSystemSynchronizedGroups = (
				404BE0632FA7A364008E9A3C /* GlyphSiftUITests */,
			);
			name = GlyphSiftUITests;
			packageProductDependencies = (
			);
			productName = GlyphSiftUITests;
			productReference = 404BE0602FA7A364008E9A3C /* GlyphSiftUITests.xctest */;
			productType = "com.apple.product-type.bundle.ui-testing";
		};
/* End PBXNativeTarget section */

/* Begin PBXProject section */
		404BE0412FA7A362008E9A3C /* Project object */ = {
			isa = PBXProject;
			attributes = {
				BuildIndependentTargetsInParallel = 1;
				LastSwiftUpdateCheck = 2620;
				LastUpgradeCheck = 2620;
				TargetAttributes = {
					404BE0482FA7A362008E9A3C = {
						CreatedOnToolsVersion = 26.2;
					};
					404BE0552FA7A364008E9A3C = {
						CreatedOnToolsVersion = 26.2;
						TestTargetID = 404BE0482FA7A362008E9A3C;
					};
					404BE05F2FA7A364008E9A3C = {
						CreatedOnToolsVersion = 26.2;
						TestTargetID = 404BE0482FA7A362008E9A3C;
					};
				};
			};
			buildConfigurationList = 404BE0442FA7A362008E9A3C /* Build configuration list for PBXProject "GlyphSift" */;
			developmentRegion = en;
			hasScannedForEncodings = 0;
			knownRegions = (
				en,
				Base,
			);
			mainGroup = 404BE0402FA7A362008E9A3C;
			minimizedProjectReferenceProxies = 1;
			preferredProjectObjectVersion = 77;
			productRefGroup = 404BE04A2FA7A362008E9A3C /* Products */;
			projectDirPath = "";
			projectRoot = "";
			targets = (
				404BE0482FA7A362008E9A3C /* GlyphSift */,
				404BE0552FA7A364008E9A3C /* GlyphSiftTests */,
				404BE05F2FA7A364008E9A3C /* GlyphSiftUITests */,
			);
		};
/* End PBXProject section */

/* Begin PBXResourcesBuildPhase section */
		404BE0472FA7A362008E9A3C /* Resources */ = {
			isa = PBXResourcesBuildPhase;
			buildActionMask = 2147483647;
			files = (
			);
			runOnlyForDeploymentPostprocessing = 0;
		};
		404BE0542FA7A364008E9A3C /* Resources */ = {
			isa = PBXResourcesBuildPhase;
			buildActionMask = 2147483647;
			files = (
			);
			runOnlyForDeploymentPostprocessing = 0;
		};
		404BE05E2FA7A364008E9A3C /* Resources */ = {
			isa = PBXResourcesBuildPhase;
			buildActionMask = 2147483647;
			files = (
			);
			runOnlyForDeploymentPostprocessing = 0;
		};
/* End PBXResourcesBuildPhase section */

/* Begin PBXSourcesBuildPhase section */
		404BE0452FA7A362008E9A3C /* Sources */ = {
			isa = PBXSourcesBuildPhase;
			buildActionMask = 2147483647;
			files = (
			);
			runOnlyForDeploymentPostprocessing = 0;
		};
		404BE0522FA7A364008E9A3C /* Sources */ = {
			isa = PBXSourcesBuildPhase;
			buildActionMask = 2147483647;
			files = (
			);
			runOnlyForDeploymentPostprocessing = 0;
		};
		404BE05C2FA7A364008E9A3C /* Sources */ = {
			isa = PBXSourcesBuildPhase;
			buildActionMask = 2147483647;
			files = (
			);
			runOnlyForDeploymentPostprocessing = 0;
		};
/* End PBXSourcesBuildPhase section */

/* Begin PBXTargetDependency section */
		404BE0582FA7A364008E9A3C /* PBXTargetDependency */ = {
			isa = PBXTargetDependency;
			target = 404BE0482FA7A362008E9A3C /* GlyphSift */;
			targetProxy = 404BE0572FA7A364008E9A3C /* PBXContainerItemProxy */;
		};
		404BE0622FA7A364008E9A3C /* PBXTargetDependency */ = {
			isa = PBXTargetDependency;
			target = 404BE0482FA7A362008E9A3C /* GlyphSift */;
			targetProxy = 404BE0612FA7A364008E9A3C /* PBXContainerItemProxy */;
		};
/* End PBXTargetDependency section */

/* Begin XCBuildConfiguration section */
		404BE0682FA7A364008E9A3C /* Debug */ = {
			isa = XCBuildConfiguration;
			buildSettings = {
				ALWAYS_SEARCH_USER_PATHS = NO;
				ASSETCATALOG_COMPILER_GENERATE_SWIFT_ASSET_SYMBOL_EXTENSIONS = YES;
				CLANG_ANALYZER_NONNULL = YES;
				CLANG_ANALYZER_NUMBER_OBJECT_CONVERSION = YES_AGGRESSIVE;
				CLANG_CXX_LANGUAGE_STANDARD = "gnu++20";
				CLANG_ENABLE_MODULES = YES;
				CLANG_ENABLE_OBJC_ARC = YES;
				CLANG_ENABLE_OBJC_WEAK = YES;
				CLANG_WARN_BLOCK_CAPTURE_AUTORELEASING = YES;
				CLANG_WARN_BOOL_CONVERSION = YES;
				CLANG_WARN_COMMA = YES;
				CLANG_WARN_CONSTANT_CONVERSION = YES;
				CLANG_WARN_DEPRECATED_OBJC_IMPLEMENTATIONS = YES;
				CLANG_WARN_DIRECT_OBJC_ISA_USAGE = YES_ERROR;
				CLANG_WARN_DOCUMENTATION_COMMENTS = YES;
				CLANG_WARN_EMPTY_BODY = YES;
				CLANG_WARN_ENUM_CONVERSION = YES;
				CLANG_WARN_INFINITE_RECURSION = YES;
				CLANG_WARN_INT_CONVERSION = YES;
				CLANG_WARN_NON_LITERAL_NULL_CONVERSION = YES;
				CLANG_WARN_OBJC_IMPLICIT_RETAIN_SELF = YES;
				CLANG_WARN_OBJC_LITERAL_CONVERSION = YES;
				CLANG_WARN_OBJC_ROOT_CLASS = YES_ERROR;
				CLANG_WARN_QUOTED_INCLUDE_IN_FRAMEWORK_HEADER = YES;
				CLANG_WARN_RANGE_LOOP_ANALYSIS = YES;
				CLANG_WARN_STRICT_PROTOTYPES = YES;
				CLANG_WARN_SUSPICIOUS_MOVE = YES;
				CLANG_WARN_UNGUARDED_AVAILABILITY = YES_AGGRESSIVE;
				CLANG_WARN_UNREACHABLE_CODE = YES;
				CLANG_WARN__DUPLICATE_METHOD_MATCH = YES;
				COPY_PHASE_STRIP = NO;
				DEBUG_INFORMATION_FORMAT = dwarf;
				ENABLE_STRICT_OBJC_MSGSEND = YES;
				ENABLE_TESTABILITY = YES;
				ENABLE_USER_SCRIPT_SANDBOXING = YES;
				GCC_C_LANGUAGE_STANDARD = gnu17;
				GCC_DYNAMIC_NO_PIC = NO;
				GCC_NO_COMMON_BLOCKS = YES;
				GCC_OPTIMIZATION_LEVEL = 0;
				GCC_PREPROCESSOR_DEFINITIONS = (
					"DEBUG=1",
					"$(inherited)",
				);
				GCC_WARN_64_TO_32_BIT_CONVERSION = YES;
				GCC_WARN_ABOUT_RETURN_TYPE = YES_ERROR;
				GCC_WARN_UNDECLARED_SELECTOR = YES;
				GCC_WARN_UNINITIALIZED_AUTOS = YES_AGGRESSIVE;
				GCC_WARN_UNUSED_FUNCTION = YES;
				GCC_WARN_UNUSED_VARIABLE = YES;
				LOCALIZATION_PREFERS_STRING_CATALOGS = YES;
				MACOSX_DEPLOYMENT_TARGET = 26.2;
				MTL_ENABLE_DEBUG_INFO = INCLUDE_SOURCE;
				MTL_FAST_MATH = YES;
				ONLY_ACTIVE_ARCH = YES;
				SDKROOT = macosx;
				SWIFT_ACTIVE_COMPILATION_CONDITIONS = "DEBUG $(inherited)";
				SWIFT_OPTIMIZATION_LEVEL = "-Onone";
			};
			name = Debug;
		};
		404BE0692FA7A364008E9A3C /* Release */ = {
			isa = XCBuildConfiguration;
			buildSettings = {
				ALWAYS_SEARCH_USER_PATHS = NO;
				ASSETCATALOG_COMPILER_GENERATE_SWIFT_ASSET_SYMBOL_EXTENSIONS = YES;
				CLANG_ANALYZER_NONNULL = YES;
				CLANG_ANALYZER_NUMBER_OBJECT_CONVERSION = YES_AGGRESSIVE;
				CLANG_CXX_LANGUAGE_STANDARD = "gnu++20";
				CLANG_ENABLE_MODULES = YES;
				CLANG_ENABLE_OBJC_ARC = YES;
				CLANG_ENABLE_OBJC_WEAK = YES;
				CLANG_WARN_BLOCK_CAPTURE_AUTORELEASING = YES;
				CLANG_WARN_BOOL_CONVERSION = YES;
				CLANG_WARN_COMMA = YES;
				CLANG_WARN_CONSTANT_CONVERSION = YES;
				CLANG_WARN_DEPRECATED_OBJC_IMPLEMENTATIONS = YES;
				CLANG_WARN_DIRECT_OBJC_ISA_USAGE = YES_ERROR;
				CLANG_WARN_DOCUMENTATION_COMMENTS = YES;
				CLANG_WARN_EMPTY_BODY = YES;
				CLANG_WARN_ENUM_CONVERSION = YES;
				CLANG_WARN_INFINITE_RECURSION = YES;
				CLANG_WARN_INT_CONVERSION = YES;
				CLANG_WARN_NON_LITERAL_NULL_CONVERSION = YES;
				CLANG_WARN_OBJC_IMPLICIT_RETAIN_SELF = YES;
				CLANG_WARN_OBJC_LITERAL_CONVERSION = YES;
				CLANG_WARN_OBJC_ROOT_CLASS = YES_ERROR;
				CLANG_WARN_QUOTED_INCLUDE_IN_FRAMEWORK_HEADER = YES;
				CLANG_WARN_RANGE_LOOP_ANALYSIS = YES;
				CLANG_WARN_STRICT_PROTOTYPES = YES;
				CLANG_WARN_SUSPICIOUS_MOVE = YES;
				CLANG_WARN_UNGUARDED_AVAILABILITY = YES_AGGRESSIVE;
				CLANG_WARN_UNREACHABLE_CODE = YES;
				CLANG_WARN__DUPLICATE_METHOD_MATCH = YES;
				COPY_PHASE_STRIP = NO;
				DEBUG_INFORMATION_FORMAT = "dwarf-with-dsym";
				ENABLE_NS_ASSERTIONS = NO;
				ENABLE_STRICT_OBJC_MSGSEND = YES;
				ENABLE_USER_SCRIPT_SANDBOXING = YES;
				GCC_C_LANGUAGE_STANDARD = gnu17;
				GCC_NO_COMMON_BLOCKS = YES;
				GCC_WARN_64_TO_32_BIT_CONVERSION = YES;
				GCC_WARN_ABOUT_RETURN_TYPE = YES_ERROR;
				GCC_WARN_UNDECLARED_SELECTOR = YES;
				GCC_WARN_UNINITIALIZED_AUTOS = YES_AGGRESSIVE;
				GCC_WARN_UNUSED_FUNCTION = YES;
				GCC_WARN_UNUSED_VARIABLE = YES;
				LOCALIZATION_PREFERS_STRING_CATALOGS = YES;
				MACOSX_DEPLOYMENT_TARGET = 26.2;
				MTL_ENABLE_DEBUG_INFO = NO;
				MTL_FAST_MATH = YES;
				SDKROOT = macosx;
				SWIFT_COMPILATION_MODE = wholemodule;
			};
			name = Release;
		};
		404BE06B2FA7A364008E9A3C /* Debug */ = {
			isa = XCBuildConfiguration;
			buildSettings = {
				ASSETCATALOG_COMPILER_APPICON_NAME = AppIcon;
				ASSETCATALOG_COMPILER_GLOBAL_ACCENT_COLOR_NAME = AccentColor;
				ASSETCATALOG_COMPILER_INCLUDE_ALL_APPICON_ASSETS = YES;
				CODE_SIGN_STYLE = Automatic;
				COMBINE_HIDPI_IMAGES = YES;
				CURRENT_PROJECT_VERSION = 20260625;
				ENABLE_APP_SANDBOX = YES;
				ENABLE_INCOMING_NETWORK_CONNECTIONS = NO;
				ENABLE_OUTGOING_NETWORK_CONNECTIONS = NO;
				ENABLE_PREVIEWS = YES;
				ENABLE_RESOURCE_ACCESS_AUDIO_INPUT = NO;
				ENABLE_RESOURCE_ACCESS_BLUETOOTH = NO;
				ENABLE_RESOURCE_ACCESS_CALENDARS = NO;
				ENABLE_RESOURCE_ACCESS_CAMERA = NO;
				ENABLE_RESOURCE_ACCESS_CONTACTS = NO;
				ENABLE_RESOURCE_ACCESS_LOCATION = NO;
				ENABLE_RESOURCE_ACCESS_PRINTING = NO;
				ENABLE_RESOURCE_ACCESS_USB = NO;
				GENERATE_INFOPLIST_FILE = NO;
				GLYPHSIFT_RELEASE_VERSION = "2026.06.25-Beta";
				INFOPLIST_FILE = "Configuration/GlyphSift-Info.plist";
				LD_RUNPATH_SEARCH_PATHS = (
					"$(inherited)",
					"@executable_path/../Frameworks",
				);
				MACOSX_DEPLOYMENT_TARGET = 15.6;
				MARKETING_VERSION = 2026.6.25;
				PRODUCT_BUNDLE_IDENTIFIER = io.yaniz.glyphsxift;
				PRODUCT_NAME = "$(TARGET_NAME)";
				REGISTER_APP_GROUPS = YES;
				STRING_CATALOG_GENERATE_SYMBOLS = YES;
				SWIFT_APPROACHABLE_CONCURRENCY = YES;
				SWIFT_DEFAULT_ACTOR_ISOLATION = MainActor;
				SWIFT_EMIT_LOC_STRINGS = YES;
				SWIFT_UPCOMING_FEATURE_MEMBER_IMPORT_VISIBILITY = YES;
				SWIFT_VERSION = 5.0;
			};
			name = Debug;
		};
		404BE06C2FA7A364008E9A3C /* Release */ = {
			isa = XCBuildConfiguration;
			buildSettings = {
				ASSETCATALOG_COMPILER_APPICON_NAME = AppIcon;
				ASSETCATALOG_COMPILER_GLOBAL_ACCENT_COLOR_NAME = AccentColor;
				ASSETCATALOG_COMPILER_INCLUDE_ALL_APPICON_ASSETS = YES;
				CODE_SIGN_STYLE = Automatic;
				COMBINE_HIDPI_IMAGES = YES;
				CURRENT_PROJECT_VERSION = 20260625;
				ENABLE_APP_SANDBOX = YES;
				ENABLE_INCOMING_NETWORK_CONNECTIONS = NO;
				ENABLE_OUTGOING_NETWORK_CONNECTIONS = NO;
				ENABLE_PREVIEWS = YES;
				ENABLE_RESOURCE_ACCESS_AUDIO_INPUT = NO;
				ENABLE_RESOURCE_ACCESS_BLUETOOTH = NO;
				ENABLE_RESOURCE_ACCESS_CALENDARS = NO;
				ENABLE_RESOURCE_ACCESS_CAMERA = NO;
				ENABLE_RESOURCE_ACCESS_CONTACTS = NO;
				ENABLE_RESOURCE_ACCESS_LOCATION = NO;
				ENABLE_RESOURCE_ACCESS_PRINTING = NO;
				ENABLE_RESOURCE_ACCESS_USB = NO;
				GENERATE_INFOPLIST_FILE = NO;
				GLYPHSIFT_RELEASE_VERSION = "2026.06.25-Release";
				INFOPLIST_FILE = "Configuration/GlyphSift-Info.plist";
				LD_RUNPATH_SEARCH_PATHS = (
					"$(inherited)",
					"@executable_path/../Frameworks",
				);
				MACOSX_DEPLOYMENT_TARGET = 15.6;
				MARKETING_VERSION = 2026.6.25;
				PRODUCT_BUNDLE_IDENTIFIER = io.yaniz.glyphsxift;
				PRODUCT_NAME = "$(TARGET_NAME)";
				REGISTER_APP_GROUPS = YES;
				STRING_CATALOG_GENERATE_SYMBOLS = YES;
				SWIFT_APPROACHABLE_CONCURRENCY = YES;
				SWIFT_DEFAULT_ACTOR_ISOLATION = MainActor;
				SWIFT_EMIT_LOC_STRINGS = YES;
				SWIFT_UPCOMING_FEATURE_MEMBER_IMPORT_VISIBILITY = YES;
				SWIFT_VERSION = 5.0;
			};
			name = Release;
		};
		404BE06E2FA7A364008E9A3C /* Debug */ = {
			isa = XCBuildConfiguration;
			buildSettings = {
				BUNDLE_LOADER = "$(TEST_HOST)";
				CODE_SIGN_STYLE = Automatic;
				CURRENT_PROJECT_VERSION = 1;
				GENERATE_INFOPLIST_FILE = YES;
				MACOSX_DEPLOYMENT_TARGET = 26.2;
				MARKETING_VERSION = 1.0;
				PRODUCT_BUNDLE_IDENTIFIER = me.yaniz.brandon.GlyphSiftTests;
				PRODUCT_NAME = "$(TARGET_NAME)";
				STRING_CATALOG_GENERATE_SYMBOLS = NO;
				SWIFT_APPROACHABLE_CONCURRENCY = YES;
				SWIFT_EMIT_LOC_STRINGS = NO;
				SWIFT_UPCOMING_FEATURE_MEMBER_IMPORT_VISIBILITY = YES;
				SWIFT_VERSION = 5.0;
				TEST_HOST = "$(BUILT_PRODUCTS_DIR)/GlyphSift.app/$(BUNDLE_EXECUTABLE_FOLDER_PATH)/GlyphSift";
			};
			name = Debug;
		};
		404BE06F2FA7A364008E9A3C /* Release */ = {
			isa = XCBuildConfiguration;
			buildSettings = {
				BUNDLE_LOADER = "$(TEST_HOST)";
				CODE_SIGN_STYLE = Automatic;
				CURRENT_PROJECT_VERSION = 1;
				GENERATE_INFOPLIST_FILE = YES;
				MACOSX_DEPLOYMENT_TARGET = 26.2;
				MARKETING_VERSION = 1.0;
				PRODUCT_BUNDLE_IDENTIFIER = me.yaniz.brandon.GlyphSiftTests;
				PRODUCT_NAME = "$(TARGET_NAME)";
				STRING_CATALOG_GENERATE_SYMBOLS = NO;
				SWIFT_APPROACHABLE_CONCURRENCY = YES;
				SWIFT_EMIT_LOC_STRINGS = NO;
				SWIFT_UPCOMING_FEATURE_MEMBER_IMPORT_VISIBILITY = YES;
				SWIFT_VERSION = 5.0;
				TEST_HOST = "$(BUILT_PRODUCTS_DIR)/GlyphSift.app/$(BUNDLE_EXECUTABLE_FOLDER_PATH)/GlyphSift";
			};
			name = Release;
		};
		404BE0712FA7A364008E9A3C /* Debug */ = {
			isa = XCBuildConfiguration;
			buildSettings = {
				CODE_SIGN_STYLE = Automatic;
				CURRENT_PROJECT_VERSION = 1;
				GENERATE_INFOPLIST_FILE = YES;
				MARKETING_VERSION = 1.0;
				PRODUCT_BUNDLE_IDENTIFIER = me.yaniz.brandon.GlyphSiftUITests;
				PRODUCT_NAME = "$(TARGET_NAME)";
				STRING_CATALOG_GENERATE_SYMBOLS = NO;
				SWIFT_APPROACHABLE_CONCURRENCY = YES;
				SWIFT_EMIT_LOC_STRINGS = NO;
				SWIFT_UPCOMING_FEATURE_MEMBER_IMPORT_VISIBILITY = YES;
				SWIFT_VERSION = 5.0;
				TEST_TARGET_NAME = GlyphSift;
			};
			name = Debug;
		};
		404BE0722FA7A364008E9A3C /* Release */ = {
			isa = XCBuildConfiguration;
			buildSettings = {
				CODE_SIGN_STYLE = Automatic;
				CURRENT_PROJECT_VERSION = 1;
				GENERATE_INFOPLIST_FILE = YES;
				MARKETING_VERSION = 1.0;
				PRODUCT_BUNDLE_IDENTIFIER = me.yaniz.brandon.GlyphSiftUITests;
				PRODUCT_NAME = "$(TARGET_NAME)";
				STRING_CATALOG_GENERATE_SYMBOLS = NO;
				SWIFT_APPROACHABLE_CONCURRENCY = YES;
				SWIFT_EMIT_LOC_STRINGS = NO;
				SWIFT_UPCOMING_FEATURE_MEMBER_IMPORT_VISIBILITY = YES;
				SWIFT_VERSION = 5.0;
				TEST_TARGET_NAME = GlyphSift;
			};
			name = Release;
		};
/* End XCBuildConfiguration section */

/* Begin XCConfigurationList section */
		404BE0442FA7A362008E9A3C /* Build configuration list for PBXProject "GlyphSift" */ = {
			isa = XCConfigurationList;
			buildConfigurations = (
				404BE0682FA7A364008E9A3C /* Debug */,
				404BE0692FA7A364008E9A3C /* Release */,
			);
			defaultConfigurationIsVisible = 0;
			defaultConfigurationName = Release;
		};
		404BE06A2FA7A364008E9A3C /* Build configuration list for PBXNativeTarget "GlyphSift" */ = {
			isa = XCConfigurationList;
			buildConfigurations = (
				404BE06B2FA7A364008E9A3C /* Debug */,
				404BE06C2FA7A364008E9A3C /* Release */,
			);
			defaultConfigurationIsVisible = 0;
			defaultConfigurationName = Release;
		};
		404BE06D2FA7A364008E9A3C /* Build configuration list for PBXNativeTarget "GlyphSiftTests" */ = {
			isa = XCConfigurationList;
			buildConfigurations = (
				404BE06E2FA7A364008E9A3C /* Debug */,
				404BE06F2FA7A364008E9A3C /* Release */,
			);
			defaultConfigurationIsVisible = 0;
			defaultConfigurationName = Release;
		};
		404BE0702FA7A364008E9A3C /* Build configuration list for PBXNativeTarget "GlyphSiftUITests" */ = {
			isa = XCConfigurationList;
			buildConfigurations = (
				404BE0712FA7A364008E9A3C /* Debug */,
				404BE0722FA7A364008E9A3C /* Release */,
			);
			defaultConfigurationIsVisible = 0;
			defaultConfigurationName = Release;
		};
/* End XCConfigurationList section */
	};
	rootObject = 404BE0412FA7A362008E9A3C /* Project object */;
}
